<?xml version="1.0" encoding="utf-8"?>
<Project ToolsVersion="4.0" xmlns="http://schemas.microsoft.com/developer/msbuild/2003">
  <ItemGroup>
    <Filter Include="Source Files">
      <UniqueIdentifier>{4FC737F1-C7A5-4376-A066-2A32D752A2FF}</UniqueIdentifier>
      <Extensions>cpp;c;cc;cxx;def;odl;idl;hpj;bat;asm;asmx</Extensions>
    </Filter>
    <Filter Include="Header Files">
      <UniqueIdentifier>{93995380-89BD-4b04-88EB-625FBE52EBFB}</UniqueIdentifier>
      <Extensions>h;hh;hpp;hxx;hm;inl;inc;ipp;xsd</Extensions>
    </Filter>
    <Filter Include="Resource Files">
      <UniqueIdentifier>{67DA6AB6-F800-4c08-8B7A-83BB121AAD01}</UniqueIdentifier>
      <Extensions>rc;ico;cur;bmp;dlg;rc2;rct;bin;rgs;gif;jpg;jpeg;jpe;resx;tiff;tif;png;wav;mfcribbon-ms</Extensions>
    </Filter>
    <Filter Include="Header Files\tr1">
      <UniqueIdentifier>{ccf9d309-12c7-4e84-b08d-8dc8acb00ab8}</UniqueIdentifier>
    </Filter>
  </ItemGroup>
  <ItemGroup>
    <ClInclude Include="sn_list.h">
      <Filter>Header Files</Filter>
    </ClInclude>
    <ClInclude Include="sn_stl.h">
      <Filter>Header Files</Filter>
    </ClInclude>
    <ClInclude Include="sn_vector.h">
      <Filter>Header Files</Filter>
    </ClInclude>
    <ClInclude Include="tr1\sn_bbst.h">
      <Filter>Header Files\tr1</Filter>
    </ClInclude>
    <ClInclude Include="sn_map.h">
      <Filter>Header Files</Filter>
    </ClInclude>
    <ClInclude Include="tr1\sn_exception.h">
      <Filter>Header Files\tr1</Filter>
    </ClInclude>
    <ClInclude Include="sn_deque.h">
      <Filter>Header Files</Filter>
    </ClInclude>
    <ClInclude Include="sn_pair.h">
      <Filter>Header Files</Filter>
    </ClInclude>
  </ItemGroup>
  <ItemGroup>
    <ClCompile Include="sates_test_cpp_deploy.cpp">
      <Filter>Source Files</Filter>
    </ClCompile>
    <ClCompile Include="sn_stl.cpp">
      <Filter>Source Files</Filter>
    </ClCompile>
    <ClCompile Include="sn_exception.cpp">
      <Filter>Source Files</Filter>
    </ClCompile>
    <ClCompile Include="TU01001_SN_VECTOR_PUSH_BACK.cpp">
      <Filter>Source Files</Filter>
    </ClCompile>
    <ClCompile Include="TU01002_SN_VECTOR_AT.cpp">
      <Filter>Source Files</Filter>
    </ClCompile>
    <ClCompile Include="TU01003_SN_VECTOR_RESERVE.cpp">
      <Filter>Source Files</Filter>
    </ClCompile>
    <ClCompile Include="TU01004_SN_VECTOR_SORT.cpp">
      <Filter>Source Files</Filter>
    </ClCompile>
    <ClCompile Include="TU03001_SN_LIST_PUSH_BACK.cpp">
      <Filter>Source Files</Filter>
    </ClCompile>
    <ClCompile Include="TU02001_SN_DEQUE_PUSH_BACK.cpp">
      <Filter>Source Files</Filter>
    </ClCompile>
    <ClCompile Include="TU02002_SN_DEQUE_PUSH_FRONT.cpp">
      <Filter>Source Files</Filter>
    </ClCompile>
    <ClCompile Include="TU02003_SN_DEQUE_PUSH_CLEAR.cpp">
      <Filter>Source Files</Filter>
    </ClCompile>
    <ClCompile Include="TU03002_SN_LIST_PUSH_FRONT.cpp">
      <Filter>Source Files</Filter>
    </ClCompile>
    <ClCompile Include="TU03003_SN_LIST_FULL_EMPTY_CLEAR.cpp">
      <Filter>Source Files</Filter>
    </ClCompile>
    <ClCompile Include="TU04001_SN_BBST_EMPLACE.cpp">
      <Filter>Source Files</Filter>
    </ClCompile>
    <ClCompile Include="TU04002_SN_BST_ITERATOR.cpp">
      <Filter>Source Files</Filter>
    </ClCompile>
  </ItemGroup>
</Project>